
Microsoft Visual Studio Solution File, Format Version 12.00
# Visual Studio Version 16
VisualStudioVersion = 16.0.30717.126
MinimumVisualStudioVersion = 10.0.40219.1
Project("{9A19103F-16F7-4668-BE54-9A1E7A4F7556}") = "IoTEdge.Extensions.Hosting", "IoTEdge.Extensions.Hosting\IoTEdge.Extensions.Hosting.csproj", "{A147B063-21F6-4865-B4A4-F86FC48A298E}"
EndProject
Project("{2150E333-8FDC-42A3-9474-1A3956D46DE8}") = "Solution Items", "Solution Items", "{308DDC62-38C0-4472-AF63-69FCA7B33415}"
	ProjectSection(SolutionItems) = preProject
		README.md = README.md
	EndProjectSection
EndProject
Global
	GlobalSection(SolutionConfigurationPlatforms) = preSolution
		Debug|Any CPU = Debug|Any CPU
		Release|Any CPU = Release|Any CPU
	EndGlobalSection
	GlobalSection(ProjectConfigurationPlatforms) = postSolution
		{A147B063-21F6-4865-B4A4-F86FC48A298E}.Debug|Any CPU.ActiveCfg = Debug|Any CPU
		{A147B063-21F6-4865-B4A4-F86FC48A298E}.Debug|Any CPU.Build.0 = Debug|Any CPU
		{A147B063-21F6-4865-B4A4-F86FC48A298E}.Release|Any CPU.ActiveCfg = Release|Any CPU
		{A147B063-21F6-4865-B4A4-F86FC48A298E}.Release|Any CPU.Build.0 = Release|Any CPU
	EndGlobalSection
	GlobalSection(SolutionProperties) = preSolution
		HideSolutionNode = FALSE
	EndGlobalSection
	GlobalSection(ExtensibilityGlobals) = postSolution
		SolutionGuid = {D4909EF6-5C27-43B6-86A9-BC9412F9C512}
	EndGlobalSection
EndGlobal
